
Microsoft Visual Studio Solution File, Format Version 12.00
# Visual Studio Version 17
VisualStudioVersion = 17.4.33213.308
MinimumVisualStudioVersion = 10.0.40219.1
Project("{FAE04EC0-301F-11D3-BF4B-00C04F79EFBC}") = "Web_Fia41_HoeffkenV_Web_QuizQuestions", "Web_Fia41_HoeffkenV_Web_QuizQuestions.csproj", "{4CCE51A5-6A35-41FC-8190-A989021B5213}"
EndProject
Global
	GlobalSection(SolutionConfigurationPlatforms) = preSolution
		Debug|Any CPU = Debug|Any CPU
		Release|Any CPU = Release|Any CPU
	EndGlobalSection
	GlobalSection(ProjectConfigurationPlatforms) = postSolution
		{4CCE51A5-6A35-41FC-8190-A989021B5213}.Debug|Any CPU.ActiveCfg = Debug|Any CPU
		{4CCE51A5-6A35-41FC-8190-A989021B5213}.Debug|Any CPU.Build.0 = Debug|Any CPU
		{4CCE51A5-6A35-41FC-8190-A989021B5213}.Release|Any CPU.ActiveCfg = Release|Any CPU
		{4CCE51A5-6A35-41FC-8190-A989021B5213}.Release|Any CPU.Build.0 = Release|Any CPU
	EndGlobalSection
	GlobalSection(SolutionProperties) = preSolution
		HideSolutionNode = FALSE
	EndGlobalSection
	GlobalSection(ExtensibilityGlobals) = postSolution
		SolutionGuid = {A33D34CB-AB6B-4C86-AB9F-6227A098F5DE}
	EndGlobalSection
EndGlobal
